// !$*UTF8*$!
{
	archiveVersion = 1;
	classes = {
	};
	objectVersion = 46;
	objects = {

/* Begin PBXBuildFile section */
		B3B4C2F61DDEAE9C002D43CF /* main.m in Sources */ = {isa = PBXBuildFile; fileRef = B3B4C2F51DDEAE9C002D43CF /* main.m */; };
		B3B4C2F91DDEAE9C002D43CF /* AppDelegate.m in Sources */ = {isa = PBXBuildFile; fileRef = B3B4C2F81DDEAE9C002D43CF /* AppDelegate.m */; };
		B3B4C2FC1DDEAE9C002D43CF /* ViewController.m in Sources */ = {isa = PBXBuildFile; fileRef = B3B4C2FB1DDEAE9C002D43CF /* ViewController.m */; };
		B3B4C2FF1DDEAE9C002D43CF /* Main.storyboard in Resources */ = {isa = PBXBuildFile; fileRef = B3B4C2FD1DDEAE9C002D43CF /* Main.storyboard */; };
		B3B4C3021DDEAE9C002D43CF /* LCFDeerShop.xcdatamodeld in Sources */ = {isa = PBXBuildFile; fileRef = B3B4C3001DDEAE9C002D43CF /* LCFDeerShop.xcdatamodeld */; };
		B3B4C3041DDEAE9C002D43CF /* Assets.xcassets in Resources */ = {isa = PBXBuildFile; fileRef = B3B4C3031DDEAE9C002D43CF /* Assets.xcassets */; };
		B3B4C3071DDEAE9C002D43CF /* LaunchScreen.storyboard in Resources */ = {isa = PBXBuildFile; fileRef = B3B4C3051DDEAE9C002D43CF /* LaunchScreen.storyboard */; };
		B3B4C3121DDEAE9D002D43CF /* LCFDeerShopTests.m in Sources */ = {isa = PBXBuildFile; fileRef = B3B4C3111DDEAE9D002D43CF /* LCFDeerShopTests.m */; };
		B3B4C31D1DDEAE9D002D43CF /* LCFDeerShopUITests.m in Sources */ = {isa = PBXBuildFile; fileRef = B3B4C31C1DDEAE9D002D43CF /* LCFDeerShopUITests.m */; };
/* End PBXBuildFile section */

/* Begin PBXContainerItemProxy section */
		B3B4C30E1DDEAE9D002D43CF /* PBXContainerItemProxy */ = {
			isa = PBXContainerItemProxy;
			containerPortal = B3B4C2E91DDEAE9C002D43CF /* Project object */;
			proxyType = 1;
			remoteGlobalIDString = B3B4C2F01DDEAE9C002D43CF;
			remoteInfo = LCFDeerShop;
		};
		B3B4C3191DDEAE9D002D43CF /* PBXContainerItemProxy */ = {
			isa = PBXContainerItemProxy;
			containerPortal = B3B4C2E91DDEAE9C002D43CF /* Project object */;
			proxyType = 1;
			remoteGlobalIDString = B3B4C2F01DDEAE9C002D43CF;
			remoteInfo = LCFDeerShop;
		};
/* End PBXContainerItemProxy section */

/* Begin PBXFileReference section */
		B3B4C2F11DDEAE9C002D43CF /* LCFDeerShop.app */ = {isa = PBXFileReference; explicitFileType = wrapper.application; includeInIndex = 0; path = LCFDeerShop.app; sourceTree = BUILT_PRODUCTS_DIR; };
		B3B4C2F51DDEAE9C002D43CF /* main.m */ = {isa = PBXFileReference; lastKnownFileType = sourcecode.c.objc; path = main.m; sourceTree = "<group>"; };
		B3B4C2F71DDEAE9C002D43CF /* AppDelegate.h */ = {isa = PBXFileReference; lastKnownFileType = sourcecode.c.h; path = AppDelegate.h; sourceTree = "<group>"; };
		B3B4C2F81DDEAE9C002D43CF /* AppDelegate.m */ = {isa = PBXFileReference; lastKnownFileType = sourcecode.c.objc; path = AppDelegate.m; sourceTree = "<group>"; };
		B3B4C2FA1DDEAE9C002D43CF /* ViewController.h */ = {isa = PBXFileReference; lastKnownFileType = sourcecode.c.h; path = ViewController.h; sourceTree = "<group>"; };
		B3B4C2FB1DDEAE9C002D43CF /* ViewController.m */ = {isa = PBXFileReference; lastKnownFileType = sourcecode.c.objc; path = ViewController.m; sourceTree = "<group>"; };
		B3B4C2FE1DDEAE9C002D43CF /* Base */ = {isa = PBXFileReference; lastKnownFileType = file.storyboard; name = Base; path = Base.lproj/Main.storyboard; sourceTree = "<group>"; };
		B3B4C3011DDEAE9C002D43CF /* LCFDeerShop.xcdatamodel */ = {isa = PBXFileReference; lastKnownFileType = wrapper.xcdatamodel; path = LCFDeerShop.xcdatamodel; sourceTree = "<group>"; };
		B3B4C3031DDEAE9C002D43CF /* Assets.xcassets */ = {isa = PBXFileReference; lastKnownFileType = folder.assetcatalog; path = Assets.xcassets; sourceTree = "<group>"; };
		B3B4C3061DDEAE9C002D43CF /* Base */ = {isa = PBXFileReference; lastKnownFileType = file.storyboard; name = Base; path = Base.lproj/LaunchScreen.storyboard; sourceTree = "<group>"; };
		B3B4C3081DDEAE9C002D43CF /* Info.plist */ = {isa = PBXFileReference; lastKnownFileType = text.plist.xml; path = Info.plist; sourceTree = "<group>"; };
		B3B4C30D1DDEAE9D002D43CF /* LCFDeerShopTests.xctest */ = {isa = PBXFileReference; explicitFileType = wrapper.cfbundle; includeInIndex = 0; path = LCFDeerShopTests.xctest; sourceTree = BUILT_PRODUCTS_DIR; };
		B3B4C3111DDEAE9D002D43CF /* LCFDeerShopTests.m */ = {isa = PBXFileReference; lastKnownFileType = sourcecode.c.objc; path = LCFDeerShopTests.m; sourceTree = "<group>"; };
		B3B4C3131DDEAE9D002D43CF /* Info.plist */ = {isa = PBXFileReference; lastKnownFileType = text.plist.xml; path = Info.plist; sourceTree = "<group>"; };
		B3B4C3181DDEAE9D002D43CF /* LCFDeerShopUITests.xctest */ = {isa = PBXFileReference; explicitFileType = wrapper.cfbundle; includeInIndex = 0; path = LCFDeerShopUITests.xctest; sourceTree = BUILT_PRODUCTS_DIR; };
		B3B4C31C1DDEAE9D002D43CF /* LCFDeerShopUITests.m */ = {isa = PBXFileReference; lastKnownFileType = sourcecode.c.objc; path = LCFDeerShopUITests.m; sourceTree = "<group>"; };
		B3B4C31E1DDEAE9D002D43CF /* Info.plist */ = {isa = PBXFileReference; lastKnownFileType = text.plist.xml; path = Info.plist; sourceTree = "<group>"; };
/* End PBXFileReference section */

/* Begin PBXFrameworksBuildPhase section */
		B3B4C2EE1DDEAE9C002D43CF /* Frameworks */ = {
			isa = PBXFrameworksBuildPhase;
			buildActionMask = 2147483647;
			files = (
			);
			runOnlyForDeploymentPostprocessing = 0;
		};
		B3B4C30A1DDEAE9D002D43CF /* Frameworks */ = {
			isa = PBXFrameworksBuildPhase;
			buildActionMask = 2147483647;
			files = (
			);
			runOnlyForDeploymentPostprocessing = 0;
		};
		B3B4C3151DDEAE9D002D43CF /* Frameworks */ = {
			isa = PBXFrameworksBuildPhase;
			buildActionMask = 2147483647;
			files = (
			);
			runOnlyForDeploymentPostprocessing = 0;
		};
/* End PBXFrameworksBuildPhase section */

/* Begin PBXGroup section */
		B3B4C2E81DDEAE9C002D43CF = {
			isa = PBXGroup;
			children = (
				B3B4C2F31DDEAE9C002D43CF /* LCFDeerShop */,
				B3B4C3101DDEAE9D002D43CF /* LCFDeerShopTests */,
				B3B4C31B1DDEAE9D002D43CF /* LCFDeerShopUITests */,
				B3B4C2F21DDEAE9C002D43CF /* Products */,
			);
			sourceTree = "<group>";
		};
		B3B4C2F21DDEAE9C002D43CF /* Products */ = {
			isa = PBXGroup;
			children = (
				B3B4C2F11DDEAE9C002D43CF /* LCFDeerShop.app */,
				B3B4C30D1DDEAE9D002D43CF /* LCFDeerShopTests.xctest */,
				B3B4C3181DDEAE9D002D43CF /* LCFDeerShopUITests.xctest */,
			);
			name = Products;
			sourceTree = "<group>";
		};
		B3B4C2F31DDEAE9C002D43CF /* LCFDeerShop */ = {
			isa = PBXGroup;
			children = (
				B3B4C2F71DDEAE9C002D43CF /* AppDelegate.h */,
				B3B4C2F81DDEAE9C002D43CF /* AppDelegate.m */,
				B3B4C2FA1DDEAE9C002D43CF /* ViewController.h */,
				B3B4C2FB1DDEAE9C002D43CF /* ViewController.m */,
				B3B4C2FD1DDEAE9C002D43CF /* Main.storyboard */,
				B3B4C3031DDEAE9C002D43CF /* Assets.xcassets */,
				B3B4C3051DDEAE9C002D43CF /* LaunchScreen.storyboard */,
				B3B4C3081DDEAE9C002D43CF /* Info.plist */,
				B3B4C3001DDEAE9C002D43CF /* LCFDeerShop.xcdatamodeld */,
				B3B4C2F41DDEAE9C002D43CF /* Supporting Files */,
			);
			path = LCFDeerShop;
			sourceTree = "<group>";
		};
		B3B4C2F41DDEAE9C002D43CF /* Supporting Files */ = {
			isa = PBXGroup;
			children = (
				B3B4C2F51DDEAE9C002D43CF /* main.m */,
			);
			name = "Supporting Files";
			sourceTree = "<group>";
		};
		B3B4C3101DDEAE9D002D43CF /* LCFDeerShopTests */ = {
			isa = PBXGroup;
			children = (
				B3B4C3111DDEAE9D002D43CF /* LCFDeerShopTests.m */,
				B3B4C3131DDEAE9D002D43CF /* Info.plist */,
			);
			path = LCFDeerShopTests;
			sourceTree = "<group>";
		};
		B3B4C31B1DDEAE9D002D43CF /* LCFDeerShopUITests */ = {
			isa = PBXGroup;
			children = (
				B3B4C31C1DDEAE9D002D43CF /* LCFDeerShopUITests.m */,
				B3B4C31E1DDEAE9D002D43CF /* Info.plist */,
			);
			path = LCFDeerShopUITests;
			sourceTree = "<group>";
		};
/* End PBXGroup section */

/* Begin PBXNativeTarget section */
		B3B4C2F01DDEAE9C002D43CF /* LCFDeerShop */ = {
			isa = PBXNativeTarget;
			buildConfigurationList = B3B4C3211DDEAE9D002D43CF /* Build configuration list for PBXNativeTarget "LCFDeerShop" */;
			buildPhases = (
				B3B4C2ED1DDEAE9C002D43CF /* Sources */,
				B3B4C2EE1DDEAE9C002D43CF /* Frameworks */,
				B3B4C2EF1DDEAE9C002D43CF /* Resources */,
			);
			buildRules = (
			);
			dependencies = (
			);
			name = LCFDeerShop;
			productName = LCFDeerShop;
			productReference = B3B4C2F11DDEAE9C002D43CF /* LCFDeerShop.app */;
			productType = "com.apple.product-type.application";
		};
		B3B4C30C1DDEAE9D002D43CF /* LCFDeerShopTests */ = {
			isa = PBXNativeTarget;
			buildConfigurationList = B3B4C3241DDEAE9D002D43CF /* Build configuration list for PBXNativeTarget "LCFDeerShopTests" */;
			buildPhases = (
				B3B4C3091DDEAE9D002D43CF /* Sources */,
				B3B4C30A1DDEAE9D002D43CF /* Frameworks */,
				B3B4C30B1DDEAE9D002D43CF /* Resources */,
			);
			buildRules = (
			);
			dependencies = (
				B3B4C30F1DDEAE9D002D43CF /* PBXTargetDependency */,
			);
			name = LCFDeerShopTests;
			productName = LCFDeerShopTests;
			productReference = B3B4C30D1DDEAE9D002D43CF /* LCFDeerShopTests.xctest */;
			productType = "com.apple.product-type.bundle.unit-test";
		};
		B3B4C3171DDEAE9D002D43CF /* LCFDeerShopUITests */ = {
			isa = PBXNativeTarget;
			buildConfigurationList = B3B4C3271DDEAE9D002D43CF /* Build configuration list for PBXNativeTarget "LCFDeerShopUITests" */;
			buildPhases = (
				B3B4C3141DDEAE9D002D43CF /* Sources */,
				B3B4C3151DDEAE9D002D43CF /* Frameworks */,
				B3B4C3161DDEAE9D002D43CF /* Resources */,
			);
			buildRules = (
			);
			dependencies = (
				B3B4C31A1DDEAE9D002D43CF /* PBXTargetDependency */,
			);
			name = LCFDeerShopUITests;
			productName = LCFDeerShopUITests;
			productReference = B3B4C3181DDEAE9D002D43CF /* LCFDeerShopUITests.xctest */;
			productType = "com.apple.product-type.bundle.ui-testing";
		};
/* End PBXNativeTarget section */

/* Begin PBXProject section */
		B3B4C2E91DDEAE9C002D43CF /* Project object */ = {
			isa = PBXProject;
			attributes = {
				LastUpgradeCheck = 0800;
				ORGANIZATIONNAME = lichunfei;
				TargetAttributes = {
					B3B4C2F01DDEAE9C002D43CF = {
						CreatedOnToolsVersion = 8.0;
						ProvisioningStyle = Automatic;
					};
					B3B4C30C1DDEAE9D002D43CF = {
						CreatedOnToolsVersion = 8.0;
						ProvisioningStyle = Automatic;
						TestTargetID = B3B4C2F01DDEAE9C002D43CF;
					};
					B3B4C3171DDEAE9D002D43CF = {
						CreatedOnToolsVersion = 8.0;
						ProvisioningStyle = Automatic;
						TestTargetID = B3B4C2F01DDEAE9C002D43CF;
					};
				};
			};
			buildConfigurationList = B3B4C2EC1DDEAE9C002D43CF /* Build configuration list for PBXProject "LCFDeerShop" */;
			compatibilityVersion = "Xcode 3.2";
			developmentRegion = English;
			hasScannedForEncodings = 0;
			knownRegions = (
				en,
				Base,
			);
			mainGroup = B3B4C2E81DDEAE9C002D43CF;
			productRefGroup = B3B4C2F21DDEAE9C002D43CF /* Products */;
			projectDirPath = "";
			projectRoot = "";
			targets = (
				B3B4C2F01DDEAE9C002D43CF /* LCFDeerShop */,
				B3B4C30C1DDEAE9D002D43CF /* LCFDeerShopTests */,
				B3B4C3171DDEAE9D002D43CF /* LCFDeerShopUITests */,
			);
		};
/* End PBXProject section */

/* Begin PBXResourcesBuildPhase section */
		B3B4C2EF1DDEAE9C002D43CF /* Resources */ = {
			isa = PBXResourcesBuildPhase;
			buildActionMask = 2147483647;
			files = (
				B3B4C3071DDEAE9C002D43CF /* LaunchScreen.storyboard in Resources */,
				B3B4C3041DDEAE9C002D43CF /* Assets.xcassets in Resources */,
				B3B4C2FF1DDEAE9C002D43CF /* Main.storyboard in Resources */,
			);
			runOnlyForDeploymentPostprocessing = 0;
		};
		B3B4C30B1DDEAE9D002D43CF /* Resources */ = {
			isa = PBXResourcesBuildPhase;
			buildActionMask = 2147483647;
			files = (
			);
			runOnlyForDeploymentPostprocessing = 0;
		};
		B3B4C3161DDEAE9D002D43CF /* Resources */ = {
			isa = PBXResourcesBuildPhase;
			buildActionMask = 2147483647;
			files = (
			);
			runOnlyForDeploymentPostprocessing = 0;
		};
/* End PBXResourcesBuildPhase section */

/* Begin PBXSourcesBuildPhase section */
		B3B4C2ED1DDEAE9C002D43CF /* Sources */ = {
			isa = PBXSourcesBuildPhase;
			buildActionMask = 2147483647;
			files = (
				B3B4C2FC1DDEAE9C002D43CF /* ViewController.m in Sources */,
				B3B4C2F91DDEAE9C002D43CF /* AppDelegate.m in Sources */,
				B3B4C2F61DDEAE9C002D43CF /* main.m in Sources */,
				B3B4C3021DDEAE9C002D43CF /* LCFDeerShop.xcdatamodeld in Sources */,
			);
			runOnlyForDeploymentPostprocessing = 0;
		};
		B3B4C3091DDEAE9D002D43CF /* Sources */ = {
			isa = PBXSourcesBuildPhase;
			buildActionMask = 2147483647;
			files = (
				B3B4C3121DDEAE9D002D43CF /* LCFDeerShopTests.m in Sources */,
			);
			runOnlyForDeploymentPostprocessing = 0;
		};
		B3B4C3141DDEAE9D002D43CF /* Sources */ = {
			isa = PBXSourcesBuildPhase;
			buildActionMask = 2147483647;
			files = (
				B3B4C31D1DDEAE9D002D43CF /* LCFDeerShopUITests.m in Sources */,
			);
			runOnlyForDeploymentPostprocessing = 0;
		};
/* End PBXSourcesBuildPhase section */

/* Begin PBXTargetDependency section */
		B3B4C30F1DDEAE9D002D43CF /* PBXTargetDependency */ = {
			isa = PBXTargetDependency;
			target = B3B4C2F01DDEAE9C002D43CF /* LCFDeerShop */;
			targetProxy = B3B4C30E1DDEAE9D002D43CF /* PBXContainerItemProxy */;
		};
		B3B4C31A1DDEAE9D002D43CF /* PBXTargetDependency */ = {
			isa = PBXTargetDependency;
			target = B3B4C2F01DDEAE9C002D43CF /* LCFDeerShop */;
			targetProxy = B3B4C3191DDEAE9D002D43CF /* PBXContainerItemProxy */;
		};
/* End PBXTargetDependency section */

/* Begin PBXVariantGroup section */
		B3B4C2FD1DDEAE9C002D43CF /* Main.storyboard */ = {
			isa = PBXVariantGroup;
			children = (
				B3B4C2FE1DDEAE9C002D43CF /* Base */,
			);
			name = Main.storyboard;
			sourceTree = "<group>";
		};
		B3B4C3051DDEAE9C002D43CF /* LaunchScreen.storyboard */ = {
			isa = PBXVariantGroup;
			children = (
				B3B4C3061DDEAE9C002D43CF /* Base */,
			);
			name = LaunchScreen.storyboard;
			sourceTree = "<group>";
		};
/* End PBXVariantGroup section */

/* Begin XCBuildConfiguration section */
		B3B4C31F1DDEAE9D002D43CF /* Debug */ = {
			isa = XCBuildConfiguration;
			buildSettings = {
				ALWAYS_SEARCH_USER_PATHS = NO;
				CLANG_ANALYZER_NONNULL = YES;
				CLANG_CXX_LANGUAGE_STANDARD = "gnu++0x";
				CLANG_CXX_LIBRARY = "libc++";
				CLANG_ENABLE_MODULES = YES;
				CLANG_ENABLE_OBJC_ARC = YES;
				CLANG_WARN_BOOL_CONVERSION = YES;
				CLANG_WARN_CONSTANT_CONVERSION = YES;
				CLANG_WARN_DIRECT_OBJC_ISA_USAGE = YES_ERROR;
				CLANG_WARN_DOCUMENTATION_COMMENTS = YES;
				CLANG_WARN_EMPTY_BODY = YES;
				CLANG_WARN_ENUM_CONVERSION = YES;
				CLANG_WARN_INFINITE_RECURSION = YES;
				CLANG_WARN_INT_CONVERSION = YES;
				CLANG_WARN_OBJC_ROOT_CLASS = YES_ERROR;
				CLANG_WARN_SUSPICIOUS_MOVES = YES;
				CLANG_WARN_UNREACHABLE_CODE = YES;
				CLANG_WARN__DUPLICATE_METHOD_MATCH = YES;
				"CODE_SIGN_IDENTITY[sdk=iphoneos*]" = "iPhone Developer";
				COPY_PHASE_STRIP = NO;
				DEBUG_INFORMATION_FORMAT = dwarf;
				ENABLE_STRICT_OBJC_MSGSEND = YES;
				ENABLE_TESTABILITY = YES;
				GCC_C_LANGUAGE_STANDARD = gnu99;
				GCC_DYNAMIC_NO_PIC = NO;
				GCC_NO_COMMON_BLOCKS = YES;
				GCC_OPTIMIZATION_LEVEL = 0;
				GCC_PREPROCESSOR_DEFINITIONS = (
					"DEBUG=1",
					"$(inherited)",
				);
				GCC_WARN_64_TO_32_BIT_CONVERSION = YES;
				GCC_WARN_ABOUT_RETURN_TYPE = YES_ERROR;
				GCC_WARN_UNDECLARED_SELECTOR = YES;
				GCC_WARN_UNINITIALIZED_AUTOS = YES_AGGRESSIVE;
				GCC_WARN_UNUSED_FUNCTION = YES;
				GCC_WARN_UNUSED_VARIABLE = YES;
				IPHONEOS_DEPLOYMENT_TARGET = 10.0;
				MTL_ENABLE_DEBUG_INFO = YES;
				ONLY_ACTIVE_ARCH = YES;
				SDKROOT = iphoneos;
			};
			name = Debug;
		};
		B3B4C3201DDEAE9D002D43CF /* Release */ = {
			isa = XCBuildConfiguration;
			buildSettings = {
				ALWAYS_SEARCH_USER_PATHS = NO;
				CLANG_ANALYZER_NONNULL = YES;
				CLANG_CXX_LANGUAGE_STANDARD = "gnu++0x";
				CLANG_CXX_LIBRARY = "libc++";
				CLANG_ENABLE_MODULES = YES;
				CLANG_ENABLE_OBJC_ARC = YES;
				CLANG_WARN_BOOL_CONVERSION = YES;
				CLANG_WARN_CONSTANT_CONVERSION = YES;
				CLANG_WARN_DIRECT_OBJC_ISA_USAGE = YES_ERROR;
				CLANG_WARN_DOCUMENTATION_COMMENTS = YES;
				CLANG_WARN_EMPTY_BODY = YES;
				CLANG_WARN_ENUM_CONVERSION = YES;
				CLANG_WARN_INFINITE_RECURSION = YES;
				CLANG_WARN_INT_CONVERSION = YES;
				CLANG_WARN_OBJC_ROOT_CLASS = YES_ERROR;
				CLANG_WARN_SUSPICIOUS_MOVES = YES;
				CLANG_WARN_UNREACHABLE_CODE = YES;
				CLANG_WARN__DUPLICATE_METHOD_MATCH = YES;
				"CODE_SIGN_IDENTITY[sdk=iphoneos*]" = "iPhone Developer";
				COPY_PHASE_STRIP = NO;
				DEBUG_INFORMATION_FORMAT = "dwarf-with-dsym";
				ENABLE_NS_ASSERTIONS = NO;
				ENABLE_STRICT_OBJC_MSGSEND = YES;
				GCC_C_LANGUAGE_STANDARD = gnu99;
				GCC_NO_COMMON_BLOCKS = YES;
				GCC_WARN_64_TO_32_BIT_CONVERSION = YES;
				GCC_WARN_ABOUT_RETURN_TYPE = YES_ERROR;
				GCC_WARN_UNDECLARED_SELECTOR = YES;
				GCC_WARN_UNINITIALIZED_AUTOS = YES_AGGRESSIVE;
				GCC_WARN_UNUSED_FUNCTION = YES;
				GCC_WARN_UNUSED_VARIABLE = YES;
				IPHONEOS_DEPLOYMENT_TARGET = 10.0;
				MTL_ENABLE_DEBUG_INFO = NO;
				SDKROOT = iphoneos;
				VALIDATE_PRODUCT = YES;
			};
			name = Release;
		};
		B3B4C3221DDEAE9D002D43CF /* Debug */ = {
			isa = XCBuildConfiguration;
			buildSettings = {
				ASSETCATALOG_COMPILER_APPICON_NAME = AppIcon;
				INFOPLIST_FILE = LCFDeerShop/Info.plist;
				LD_RUNPATH_SEARCH_PATHS = "$(inherited) @executable_path/Frameworks";
				PRODUCT_BUNDLE_IDENTIFIER = lichunfei.LCFDeerShop;
				PRODUCT_NAME = "$(TARGET_NAME)";
			};
			name = Debug;
		};
		B3B4C3231DDEAE9D002D43CF /* Release */ = {
			isa = XCBuildConfiguration;
			buildSettings = {
				ASSETCATALOG_COMPILER_APPICON_NAME = AppIcon;
				INFOPLIST_FILE = LCFDeerShop/Info.plist;
				LD_RUNPATH_SEARCH_PATHS = "$(inherited) @executable_path/Frameworks";
				PRODUCT_BUNDLE_IDENTIFIER = lichunfei.LCFDeerShop;
				PRODUCT_NAME = "$(TARGET_NAME)";
			};
			name = Release;
		};
		B3B4C3251DDEAE9D002D43CF /* Debug */ = {
			isa = XCBuildConfiguration;
			buildSettings = {
				BUNDLE_LOADER = "$(TEST_HOST)";
				INFOPLIST_FILE = LCFDeerShopTests/Info.plist;
				LD_RUNPATH_SEARCH_PATHS = "$(inherited) @executable_path/Frameworks @loader_path/Frameworks";
				PRODUCT_BUNDLE_IDENTIFIER = lichunfei.LCFDeerShopTests;
				PRODUCT_NAME = "$(TARGET_NAME)";
				TEST_HOST = "$(BUILT_PRODUCTS_DIR)/LCFDeerShop.app/LCFDeerShop";
			};
			name = Debug;
		};
		B3B4C3261DDEAE9D002D43CF /* Release */ = {
			isa = XCBuildConfiguration;
			buildSettings = {
				BUNDLE_LOADER = "$(TEST_HOST)";
				INFOPLIST_FILE = LCFDeerShopTests/Info.plist;
				LD_RUNPATH_SEARCH_PATHS = "$(inherited) @executable_path/Frameworks @loader_path/Frameworks";
				PRODUCT_BUNDLE_IDENTIFIER = lichunfei.LCFDeerShopTests;
				PRODUCT_NAME = "$(TARGET_NAME)";
				TEST_HOST = "$(BUILT_PRODUCTS_DIR)/LCFDeerShop.app/LCFDeerShop";
			};
			name = Release;
		};
		B3B4C3281DDEAE9D002D43CF /* Debug */ = {
			isa = XCBuildConfiguration;
			buildSettings = {
				INFOPLIST_FILE = LCFDeerShopUITests/Info.plist;
				LD_RUNPATH_SEARCH_PATHS = "$(inherited) @executable_path/Frameworks @loader_path/Frameworks";
				PRODUCT_BUNDLE_IDENTIFIER = lichunfei.LCFDeerShopUITests;
				PRODUCT_NAME = "$(TARGET_NAME)";
				TEST_TARGET_NAME = LCFDeerShop;
			};
			name = Debug;
		};
		B3B4C3291DDEAE9D002D43CF /* Release */ = {
			isa = XCBuildConfiguration;
			buildSettings = {
				INFOPLIST_FILE = LCFDeerShopUITests/Info.plist;
				LD_RUNPATH_SEARCH_PATHS = "$(inherited) @executable_path/Frameworks @loader_path/Frameworks";
				PRODUCT_BUNDLE_IDENTIFIER = lichunfei.LCFDeerShopUITests;
				PRODUCT_NAME = "$(TARGET_NAME)";
				TEST_TARGET_NAME = LCFDeerShop;
			};
			name = Release;
		};
/* End XCBuildConfiguration section */

/* Begin XCConfigurationList section */
		B3B4C2EC1DDEAE9C002D43CF /* Build configuration list for PBXProject "LCFDeerShop" */ = {
			isa = XCConfigurationList;
			buildConfigurations = (
				B3B4C31F1DDEAE9D002D43CF /* Debug */,
				B3B4C3201DDEAE9D002D43CF /* Release */,
			);
			defaultConfigurationIsVisible = 0;
			defaultConfigurationName = Release;
		};
		B3B4C3211DDEAE9D002D43CF /* Build configuration list for PBXNativeTarget "LCFDeerShop" */ = {
			isa = XCConfigurationList;
			buildConfigurations = (
				B3B4C3221DDEAE9D002D43CF /* Debug */,
				B3B4C3231DDEAE9D002D43CF /* Release */,
			);
			defaultConfigurationIsVisible = 0;
		};
		B3B4C3241DDEAE9D002D43CF /* Build configuration list for PBXNativeTarget "LCFDeerShopTests" */ = {
			isa = XCConfigurationList;
			buildConfigurations = (
				B3B4C3251DDEAE9D002D43CF /* Debug */,
				B3B4C3261DDEAE9D002D43CF /* Release */,
			);
			defaultConfigurationIsVisible = 0;
		};
		B3B4C3271DDEAE9D002D43CF /* Build configuration list for PBXNativeTarget "LCFDeerShopUITests" */ = {
			isa = XCConfigurationList;
			buildConfigurations = (
				B3B4C3281DDEAE9D002D43CF /* Debug */,
				B3B4C3291DDEAE9D002D43CF /* Release */,
			);
			defaultConfigurationIsVisible = 0;
		};
/* End XCConfigurationList section */

/* Begin XCVersionGroup section */
		B3B4C3001DDEAE9C002D43CF /* LCFDeerShop.xcdatamodeld */ = {
			isa = XCVersionGroup;
			children = (
				B3B4C3011DDEAE9C002D43CF /* LCFDeerShop.xcdatamodel */,
			);
			currentVersion = B3B4C3011DDEAE9C002D43CF /* LCFDeerShop.xcdatamodel */;
			path = LCFDeerShop.xcdatamodeld;
			sourceTree = "<group>";
			versionGroupType = wrapper.xcdatamodel;
		};
/* End XCVersionGroup section */
	};
	rootObject = B3B4C2E91DDEAE9C002D43CF /* Project object */;
}
